
Microsoft Visual Studio Solution File, Format Version 12.00
# Visual Studio 15
VisualStudioVersion = 15.0.27004.2008
MinimumVisualStudioVersion = 10.0.40219.1
Project("{FAE04EC0-301F-11D3-BF4B-00C04F79EFBC}") = "WebApiToken", "WebApiToken\WebApiToken.csproj", "{DA0924F3-23BB-4E49-BCD1-7D93AE9C8528}"
EndProject
Global
	GlobalSection(SolutionConfigurationPlatforms) = preSolution
		Debug|Any CPU = Debug|Any CPU
		Release|Any CPU = Release|Any CPU
	EndGlobalSection
	GlobalSection(ProjectConfigurationPlatforms) = postSolution
		{DA0924F3-23BB-4E49-BCD1-7D93AE9C8528}.Debug|Any CPU.ActiveCfg = Debug|Any CPU
		{DA0924F3-23BB-4E49-BCD1-7D93AE9C8528}.Debug|Any CPU.Build.0 = Debug|Any CPU
		{DA0924F3-23BB-4E49-BCD1-7D93AE9C8528}.Release|Any CPU.ActiveCfg = Release|Any CPU
		{DA0924F3-23BB-4E49-BCD1-7D93AE9C8528}.Release|Any CPU.Build.0 = Release|Any CPU
	EndGlobalSection
	GlobalSection(SolutionProperties) = preSolution
		HideSolutionNode = FALSE
	EndGlobalSection
	GlobalSection(ExtensibilityGlobals) = postSolution
		SolutionGuid = {274BDA06-CE2E-49B7-A9C7-9966CA6F1D7B}
	EndGlobalSection
EndGlobal
